// !$*UTF8*$!
{
	archiveVersion = 1;
	classes = {
	};
	objectVersion = 50;
	objects = {

/* Begin PBXBuildFile section */
		2302B40E259E5E03009DDF2B /* MainTabBarController.swift in Sources */ = {isa = PBXBuildFile; fileRef = 2302B40D259E5E03009DDF2B /* MainTabBarController.swift */; };
		2302B413259F35AB009DDF2B /* ProductImageCache.swift in Sources */ = {isa = PBXBuildFile; fileRef = 2302B412259F35AB009DDF2B /* ProductImageCache.swift */; };
		2302B419259F36CA009DDF2B /* ImageURLProtocol.swift in Sources */ = {isa = PBXBuildFile; fileRef = 2302B418259F36CA009DDF2B /* ImageURLProtocol.swift */; };
		2302B42425A0E4D2009DDF2B /* ProductsListViewController.swift in Sources */ = {isa = PBXBuildFile; fileRef = 2302B42325A0E4D2009DDF2B /* ProductsListViewController.swift */; };
		230CE742255C8C5B0013C430 /* SelfConfiguringProductCell.swift in Sources */ = {isa = PBXBuildFile; fileRef = 230CE741255C8C5B0013C430 /* SelfConfiguringProductCell.swift */; };
		230CE745255C8CB00013C430 /* Product.swift in Sources */ = {isa = PBXBuildFile; fileRef = 230CE744255C8CB00013C430 /* Product.swift */; };
		230CE748255C8D770013C430 /* ProductCollection.swift in Sources */ = {isa = PBXBuildFile; fileRef = 230CE747255C8D770013C430 /* ProductCollection.swift */; };
		2328727B25626BFF00103EAC /* UIControl+Animate.swift in Sources */ = {isa = PBXBuildFile; fileRef = 2328727A25626BFF00103EAC /* UIControl+Animate.swift */; };
		23318556259922F00060018F /* OnboardingViewController.swift in Sources */ = {isa = PBXBuildFile; fileRef = 23318555259922F00060018F /* OnboardingViewController.swift */; };
		23318559259923140060018F /* OnboardingView.swift in Sources */ = {isa = PBXBuildFile; fileRef = 23318558259923140060018F /* OnboardingView.swift */; };
		2331855C259933870060018F /* SignUpBasicInfoViewController.swift in Sources */ = {isa = PBXBuildFile; fileRef = 2331855B259933870060018F /* SignUpBasicInfoViewController.swift */; };
		2331855F2599D48F0060018F /* SignUpBasicInfoView.swift in Sources */ = {isa = PBXBuildFile; fileRef = 2331855E2599D48F0060018F /* SignUpBasicInfoView.swift */; };
		233BA44B2562A08E0072ED0B /* CustomTextField.swift in Sources */ = {isa = PBXBuildFile; fileRef = 233BA44A2562A08E0072ED0B /* CustomTextField.swift */; };
		2340457B25A308CE00AACBEA /* SearchViewController.swift in Sources */ = {isa = PBXBuildFile; fileRef = 2340457A25A308CE00AACBEA /* SearchViewController.swift */; };
		234AD9FD25619B9B00F3C428 /* Constants.swift in Sources */ = {isa = PBXBuildFile; fileRef = 234AD9FC25619B9B00F3C428 /* Constants.swift */; };
		23500602259268BC00819B58 /* ServicesListViewController.swift in Sources */ = {isa = PBXBuildFile; fileRef = 23500601259268BC00819B58 /* ServicesListViewController.swift */; };
		2356FE2B25A21806005C439C /* AddProductViewController.swift in Sources */ = {isa = PBXBuildFile; fileRef = 2356FE2A25A21806005C439C /* AddProductViewController.swift */; };
		2356FE2F25A21814005C439C /* AddProductView.swift in Sources */ = {isa = PBXBuildFile; fileRef = 2356FE2E25A21814005C439C /* AddProductView.swift */; };
		2356FE3225A21A51005C439C /* UITextField+ContentTypeSetup.swift in Sources */ = {isa = PBXBuildFile; fileRef = 2356FE3125A21A51005C439C /* UITextField+ContentTypeSetup.swift */; };
		2356FE3725A23339005C439C /* ServiceManager.swift in Sources */ = {isa = PBXBuildFile; fileRef = 2356FE3625A23339005C439C /* ServiceManager.swift */; };
		2356FE3D25A2393C005C439C /* ServicesData.swift in Sources */ = {isa = PBXBuildFile; fileRef = 2356FE3C25A2393C005C439C /* ServicesData.swift */; };
		2356FE4125A23AE5005C439C /* User.swift in Sources */ = {isa = PBXBuildFile; fileRef = 2356FE4025A23AE5005C439C /* User.swift */; };
		2357A6292541A151003E9595 /* AppDelegate.swift in Sources */ = {isa = PBXBuildFile; fileRef = 2357A6282541A151003E9595 /* AppDelegate.swift */; };
		2357A62B2541A152003E9595 /* SceneDelegate.swift in Sources */ = {isa = PBXBuildFile; fileRef = 2357A62A2541A152003E9595 /* SceneDelegate.swift */; };
		2357A62D2541A152003E9595 /* ProductsFeedViewController.swift in Sources */ = {isa = PBXBuildFile; fileRef = 2357A62C2541A152003E9595 /* ProductsFeedViewController.swift */; };
		2357A6322541A154003E9595 /* Assets.xcassets in Resources */ = {isa = PBXBuildFile; fileRef = 2357A6312541A154003E9595 /* Assets.xcassets */; };
		2357A6352541A154003E9595 /* LaunchScreen.storyboard in Resources */ = {isa = PBXBuildFile; fileRef = 2357A6332541A154003E9595 /* LaunchScreen.storyboard */; };
		2359B399254F2B9400EA978B /* ProductController.swift in Sources */ = {isa = PBXBuildFile; fileRef = 2359B398254F2B9400EA978B /* ProductController.swift */; };
		2359B3A3254F401B00EA978B /* ProductCell.swift in Sources */ = {isa = PBXBuildFile; fileRef = 2359B3A2254F401B00EA978B /* ProductCell.swift */; };
		2359B3A7254F43EE00EA978B /* TitleSupplementaryView.swift in Sources */ = {isa = PBXBuildFile; fileRef = 2359B3A6254F43EE00EA978B /* TitleSupplementaryView.swift */; };
		235EA422255D58A40087BA07 /* ProductSection.swift in Sources */ = {isa = PBXBuildFile; fileRef = 235EA421255D58A40087BA07 /* ProductSection.swift */; };
		236E78E1255C0A2A00AB971B /* AuthenticationManagerDelegate.swift in Sources */ = {isa = PBXBuildFile; fileRef = 236E78E0255C0A2A00AB971B /* AuthenticationManagerDelegate.swift */; };
		236E78E4255C0A5300AB971B /* AuthenticationManager.swift in Sources */ = {isa = PBXBuildFile; fileRef = 236E78E3255C0A5300AB971B /* AuthenticationManager.swift */; };
		236E78E7255C0ADA00AB971B /* BasicUser.swift in Sources */ = {isa = PBXBuildFile; fileRef = 236E78E6255C0ADA00AB971B /* BasicUser.swift */; };
		237794162593AC4500C5499F /* ServiceDetailViewController.swift in Sources */ = {isa = PBXBuildFile; fileRef = 237794152593AC4500C5499F /* ServiceDetailViewController.swift */; };
		2377942F2594B29200C5499F /* UIViewController+Children.swift in Sources */ = {isa = PBXBuildFile; fileRef = 2377942E2594B29100C5499F /* UIViewController+Children.swift */; };
		239339B8255DDB7E0087D5CF /* ProductsData.swift in Sources */ = {isa = PBXBuildFile; fileRef = 239339B7255DDB7E0087D5CF /* ProductsData.swift */; };
		23A8F01B25935AFC00FC872F /* ServiceCell.swift in Sources */ = {isa = PBXBuildFile; fileRef = 23A8F01A25935AFC00FC872F /* ServiceCell.swift */; };
		23A8F0322593679C00FC872F /* SelfConfiguringServiceCell.swift in Sources */ = {isa = PBXBuildFile; fileRef = 23A8F0312593679C00FC872F /* SelfConfiguringServiceCell.swift */; };
		23A8F035259367CD00FC872F /* Service.swift in Sources */ = {isa = PBXBuildFile; fileRef = 23A8F034259367CD00FC872F /* Service.swift */; };
		23BCBA9725966C33002544AC /* ServiceDetailTitleView.swift in Sources */ = {isa = PBXBuildFile; fileRef = 23BCBA9625966C33002544AC /* ServiceDetailTitleView.swift */; };
		23BCBA9B259747BD002544AC /* ServiceDetailDescriptionView.swift in Sources */ = {isa = PBXBuildFile; fileRef = 23BCBA9A259747BC002544AC /* ServiceDetailDescriptionView.swift */; };
		23BCBA9E25975D07002544AC /* UITableView+AnimatedDeselection.swift in Sources */ = {isa = PBXBuildFile; fileRef = 23BCBA9D25975D07002544AC /* UITableView+AnimatedDeselection.swift */; };
		23C4E472259A5AF000C665A2 /* FilledButton.swift in Sources */ = {isa = PBXBuildFile; fileRef = 23C4E471259A5AF000C665A2 /* FilledButton.swift */; };
		23C4E477259B375A00C665A2 /* SignUpUserTypeView.swift in Sources */ = {isa = PBXBuildFile; fileRef = 23C4E476259B375A00C665A2 /* SignUpUserTypeView.swift */; };
		23C4E47A259B453300C665A2 /* SignUpUserTypeViewController.swift in Sources */ = {isa = PBXBuildFile; fileRef = 23C4E479259B453300C665A2 /* SignUpUserTypeViewController.swift */; };
		23C4E47D259B8EDF00C665A2 /* UserType.swift in Sources */ = {isa = PBXBuildFile; fileRef = 23C4E47C259B8EDF00C665A2 /* UserType.swift */; };
		23C4E483259BB61600C665A2 /* SignUpCredentialsViewController.swift in Sources */ = {isa = PBXBuildFile; fileRef = 23C4E482259BB61600C665A2 /* SignUpCredentialsViewController.swift */; };
		23C4E487259BB72400C665A2 /* SignUpCredentialsView.swift in Sources */ = {isa = PBXBuildFile; fileRef = 23C4E486259BB72400C665A2 /* SignUpCredentialsView.swift */; };
		23C4E48A259BB77100C665A2 /* BoldBorderlessTextField.swift in Sources */ = {isa = PBXBuildFile; fileRef = 23C4E489259BB77100C665A2 /* BoldBorderlessTextField.swift */; };
		23C4E48D259C8D9200C665A2 /* ListButton.swift in Sources */ = {isa = PBXBuildFile; fileRef = 23C4E48C259C8D9200C665A2 /* ListButton.swift */; };
		23C4E491259CB08100C665A2 /* OptionListViewController.swift in Sources */ = {isa = PBXBuildFile; fileRef = 23C4E490259CB08100C665A2 /* OptionListViewController.swift */; };
		23CA6580255D5E2B00E60A03 /* SmallTableCell.swift in Sources */ = {isa = PBXBuildFile; fileRef = 23CA657F255D5E2B00E60A03 /* SmallTableCell.swift */; };
		23DFCBCD255DD133003F9F8D /* ProductManager.swift in Sources */ = {isa = PBXBuildFile; fileRef = 23DFCBCC255DD133003F9F8D /* ProductManager.swift */; };
		23DFCBD0255DD33F003F9F8D /* UserToken.swift in Sources */ = {isa = PBXBuildFile; fileRef = 23DFCBCF255DD33F003F9F8D /* UserToken.swift */; };
		23F9EFE725652E8E002F3962 /* Button.swift in Sources */ = {isa = PBXBuildFile; fileRef = 23F9EFE625652E8E002F3962 /* Button.swift */; };
		23F9EFEB256553B4002F3962 /* UIButton+BackgroundColor.swift in Sources */ = {isa = PBXBuildFile; fileRef = 23F9EFEA256553B4002F3962 /* UIButton+BackgroundColor.swift */; };
		23F9EFF125655644002F3962 /* ProductDescriptionView.swift in Sources */ = {isa = PBXBuildFile; fileRef = 23F9EFF025655644002F3962 /* ProductDescriptionView.swift */; };
		23FA56CA2556ED5C00B009EA /* SigninViewController.swift in Sources */ = {isa = PBXBuildFile; fileRef = 23FA56C92556ED5C00B009EA /* SigninViewController.swift */; };
		23FA56E52556FDF500B009EA /* UIView+Constraints.swift in Sources */ = {isa = PBXBuildFile; fileRef = 23FA56E42556FDF500B009EA /* UIView+Constraints.swift */; };
		23FA56EA2557113300B009EA /* UIView+Rounded.swift in Sources */ = {isa = PBXBuildFile; fileRef = 23FA56E92557113300B009EA /* UIView+Rounded.swift */; };
		23FD22DB2563DD3300E8D8A1 /* SearchFieldView.swift in Sources */ = {isa = PBXBuildFile; fileRef = 23FD22DA2563DD3300E8D8A1 /* SearchFieldView.swift */; };
		23FD22FA256456A600E8D8A1 /* ProductDetailViewController.swift in Sources */ = {isa = PBXBuildFile; fileRef = 23FD22F9256456A600E8D8A1 /* ProductDetailViewController.swift */; };
		23FD230225645CCC00E8D8A1 /* ProductLargeView.swift in Sources */ = {isa = PBXBuildFile; fileRef = 23FD230125645CCC00E8D8A1 /* ProductLargeView.swift */; };
		23FD23052564681C00E8D8A1 /* UILabel+DynamicFont.swift in Sources */ = {isa = PBXBuildFile; fileRef = 23FD23042564681C00E8D8A1 /* UILabel+DynamicFont.swift */; };
/* End PBXBuildFile section */

/* Begin PBXFileReference section */
		2302B40D259E5E03009DDF2B /* MainTabBarController.swift */ = {isa = PBXFileReference; lastKnownFileType = sourcecode.swift; path = MainTabBarController.swift; sourceTree = "<group>"; };
		2302B412259F35AB009DDF2B /* ProductImageCache.swift */ = {isa = PBXFileReference; lastKnownFileType = sourcecode.swift; path = ProductImageCache.swift; sourceTree = "<group>"; };
		2302B418259F36CA009DDF2B /* ImageURLProtocol.swift */ = {isa = PBXFileReference; lastKnownFileType = sourcecode.swift; path = ImageURLProtocol.swift; sourceTree = "<group>"; };
		2302B42325A0E4D2009DDF2B /* ProductsListViewController.swift */ = {isa = PBXFileReference; lastKnownFileType = sourcecode.swift; path = ProductsListViewController.swift; sourceTree = "<group>"; };
		230CE741255C8C5B0013C430 /* SelfConfiguringProductCell.swift */ = {isa = PBXFileReference; lastKnownFileType = sourcecode.swift; path = SelfConfiguringProductCell.swift; sourceTree = "<group>"; };
		230CE744255C8CB00013C430 /* Product.swift */ = {isa = PBXFileReference; lastKnownFileType = sourcecode.swift; path = Product.swift; sourceTree = "<group>"; };
		230CE747255C8D770013C430 /* ProductCollection.swift */ = {isa = PBXFileReference; lastKnownFileType = sourcecode.swift; path = ProductCollection.swift; sourceTree = "<group>"; };
		2328727A25626BFF00103EAC /* UIControl+Animate.swift */ = {isa = PBXFileReference; lastKnownFileType = sourcecode.swift; path = "UIControl+Animate.swift"; sourceTree = "<group>"; };
		23318555259922F00060018F /* OnboardingViewController.swift */ = {isa = PBXFileReference; lastKnownFileType = sourcecode.swift; path = OnboardingViewController.swift; sourceTree = "<group>"; };
		23318558259923140060018F /* OnboardingView.swift */ = {isa = PBXFileReference; lastKnownFileType = sourcecode.swift; path = OnboardingView.swift; sourceTree = "<group>"; };
		2331855B259933870060018F /* SignUpBasicInfoViewController.swift */ = {isa = PBXFileReference; lastKnownFileType = sourcecode.swift; path = SignUpBasicInfoViewController.swift; sourceTree = "<group>"; };
		2331855E2599D48F0060018F /* SignUpBasicInfoView.swift */ = {isa = PBXFileReference; lastKnownFileType = sourcecode.swift; path = SignUpBasicInfoView.swift; sourceTree = "<group>"; };
		233BA44A2562A08E0072ED0B /* CustomTextField.swift */ = {isa = PBXFileReference; lastKnownFileType = sourcecode.swift; path = CustomTextField.swift; sourceTree = "<group>"; };
		2340457A25A308CE00AACBEA /* SearchViewController.swift */ = {isa = PBXFileReference; lastKnownFileType = sourcecode.swift; path = SearchViewController.swift; sourceTree = "<group>"; };
		234AD9FC25619B9B00F3C428 /* Constants.swift */ = {isa = PBXFileReference; lastKnownFileType = sourcecode.swift; path = Constants.swift; sourceTree = "<group>"; };
		23500601259268BC00819B58 /* ServicesListViewController.swift */ = {isa = PBXFileReference; lastKnownFileType = sourcecode.swift; path = ServicesListViewController.swift; sourceTree = "<group>"; };
		2356FE2A25A21806005C439C /* AddProductViewController.swift */ = {isa = PBXFileReference; lastKnownFileType = sourcecode.swift; path = AddProductViewController.swift; sourceTree = "<group>"; };
		2356FE2E25A21814005C439C /* AddProductView.swift */ = {isa = PBXFileReference; lastKnownFileType = sourcecode.swift; path = AddProductView.swift; sourceTree = "<group>"; };
		2356FE3125A21A51005C439C /* UITextField+ContentTypeSetup.swift */ = {isa = PBXFileReference; lastKnownFileType = sourcecode.swift; path = "UITextField+ContentTypeSetup.swift"; sourceTree = "<group>"; };
		2356FE3625A23339005C439C /* ServiceManager.swift */ = {isa = PBXFileReference; lastKnownFileType = sourcecode.swift; path = ServiceManager.swift; sourceTree = "<group>"; };
		2356FE3C25A2393C005C439C /* ServicesData.swift */ = {isa = PBXFileReference; lastKnownFileType = sourcecode.swift; path = ServicesData.swift; sourceTree = "<group>"; };
		2356FE4025A23AE5005C439C /* User.swift */ = {isa = PBXFileReference; lastKnownFileType = sourcecode.swift; path = User.swift; sourceTree = "<group>"; };
		2357A6252541A151003E9595 /* AUBMarketplace.app */ = {isa = PBXFileReference; explicitFileType = wrapper.application; includeInIndex = 0; path = AUBMarketplace.app; sourceTree = BUILT_PRODUCTS_DIR; };
		2357A6282541A151003E9595 /* AppDelegate.swift */ = {isa = PBXFileReference; lastKnownFileType = sourcecode.swift; path = AppDelegate.swift; sourceTree = "<group>"; };
		2357A62A2541A152003E9595 /* SceneDelegate.swift */ = {isa = PBXFileReference; lastKnownFileType = sourcecode.swift; path = SceneDelegate.swift; sourceTree = "<group>"; };
		2357A62C2541A152003E9595 /* ProductsFeedViewController.swift */ = {isa = PBXFileReference; lastKnownFileType = sourcecode.swift; path = ProductsFeedViewController.swift; sourceTree = "<group>"; };
		2357A6312541A154003E9595 /* Assets.xcassets */ = {isa = PBXFileReference; lastKnownFileType = folder.assetcatalog; path = Assets.xcassets; sourceTree = "<group>"; };
		2357A6342541A154003E9595 /* Base */ = {isa = PBXFileReference; lastKnownFileType = file.storyboard; name = Base; path = Base.lproj/LaunchScreen.storyboard; sourceTree = "<group>"; };
		2357A6362541A154003E9595 /* Info.plist */ = {isa = PBXFileReference; lastKnownFileType = text.plist.xml; path = Info.plist; sourceTree = "<group>"; };
		2359B398254F2B9400EA978B /* ProductController.swift */ = {isa = PBXFileReference; lastKnownFileType = sourcecode.swift; path = ProductController.swift; sourceTree = "<group>"; };
		2359B3A2254F401B00EA978B /* ProductCell.swift */ = {isa = PBXFileReference; lastKnownFileType = sourcecode.swift; path = ProductCell.swift; sourceTree = "<group>"; };
		2359B3A6254F43EE00EA978B /* TitleSupplementaryView.swift */ = {isa = PBXFileReference; lastKnownFileType = sourcecode.swift; path = TitleSupplementaryView.swift; sourceTree = "<group>"; };
		235EA421255D58A40087BA07 /* ProductSection.swift */ = {isa = PBXFileReference; lastKnownFileType = sourcecode.swift; path = ProductSection.swift; sourceTree = "<group>"; };
		236E78E0255C0A2A00AB971B /* AuthenticationManagerDelegate.swift */ = {isa = PBXFileReference; lastKnownFileType = sourcecode.swift; path = AuthenticationManagerDelegate.swift; sourceTree = "<group>"; };
		236E78E3255C0A5300AB971B /* AuthenticationManager.swift */ = {isa = PBXFileReference; lastKnownFileType = sourcecode.swift; path = AuthenticationManager.swift; sourceTree = "<group>"; };
		236E78E6255C0ADA00AB971B /* BasicUser.swift */ = {isa = PBXFileReference; lastKnownFileType = sourcecode.swift; path = BasicUser.swift; sourceTree = "<group>"; };
		237794152593AC4500C5499F /* ServiceDetailViewController.swift */ = {isa = PBXFileReference; lastKnownFileType = sourcecode.swift; path = ServiceDetailViewController.swift; sourceTree = "<group>"; };
		2377942E2594B29100C5499F /* UIViewController+Children.swift */ = {isa = PBXFileReference; lastKnownFileType = sourcecode.swift; path = "UIViewController+Children.swift"; sourceTree = "<group>"; };
		239339B7255DDB7E0087D5CF /* ProductsData.swift */ = {isa = PBXFileReference; lastKnownFileType = sourcecode.swift; path = ProductsData.swift; sourceTree = "<group>"; };
		23A8F01A25935AFC00FC872F /* ServiceCell.swift */ = {isa = PBXFileReference; lastKnownFileType = sourcecode.swift; path = ServiceCell.swift; sourceTree = "<group>"; };
		23A8F0312593679C00FC872F /* SelfConfiguringServiceCell.swift */ = {isa = PBXFileReference; lastKnownFileType = sourcecode.swift; path = SelfConfiguringServiceCell.swift; sourceTree = "<group>"; };
		23A8F034259367CD00FC872F /* Service.swift */ = {isa = PBXFileReference; lastKnownFileType = sourcecode.swift; path = Service.swift; sourceTree = "<group>"; };
		23BCBA9625966C33002544AC /* ServiceDetailTitleView.swift */ = {isa = PBXFileReference; lastKnownFileType = sourcecode.swift; path = ServiceDetailTitleView.swift; sourceTree = "<group>"; };
		23BCBA9A259747BC002544AC /* ServiceDetailDescriptionView.swift */ = {isa = PBXFileReference; lastKnownFileType = sourcecode.swift; path = ServiceDetailDescriptionView.swift; sourceTree = "<group>"; };
		23BCBA9D25975D07002544AC /* UITableView+AnimatedDeselection.swift */ = {isa = PBXFileReference; lastKnownFileType = sourcecode.swift; path = "UITableView+AnimatedDeselection.swift"; sourceTree = "<group>"; };
		23C4E471259A5AF000C665A2 /* FilledButton.swift */ = {isa = PBXFileReference; lastKnownFileType = sourcecode.swift; path = FilledButton.swift; sourceTree = "<group>"; };
		23C4E476259B375A00C665A2 /* SignUpUserTypeView.swift */ = {isa = PBXFileReference; lastKnownFileType = sourcecode.swift; path = SignUpUserTypeView.swift; sourceTree = "<group>"; };
		23C4E479259B453300C665A2 /* SignUpUserTypeViewController.swift */ = {isa = PBXFileReference; lastKnownFileType = sourcecode.swift; path = SignUpUserTypeViewController.swift; sourceTree = "<group>"; };
		23C4E47C259B8EDF00C665A2 /* UserType.swift */ = {isa = PBXFileReference; lastKnownFileType = sourcecode.swift; path = UserType.swift; sourceTree = "<group>"; };
		23C4E482259BB61600C665A2 /* SignUpCredentialsViewController.swift */ = {isa = PBXFileReference; lastKnownFileType = sourcecode.swift; path = SignUpCredentialsViewController.swift; sourceTree = "<group>"; };
		23C4E486259BB72400C665A2 /* SignUpCredentialsView.swift */ = {isa = PBXFileReference; lastKnownFileType = sourcecode.swift; path = SignUpCredentialsView.swift; sourceTree = "<group>"; };
		23C4E489259BB77100C665A2 /* BoldBorderlessTextField.swift */ = {isa = PBXFileReference; lastKnownFileType = sourcecode.swift; path = BoldBorderlessTextField.swift; sourceTree = "<group>"; };
		23C4E48C259C8D9200C665A2 /* ListButton.swift */ = {isa = PBXFileReference; lastKnownFileType = sourcecode.swift; path = ListButton.swift; sourceTree = "<group>"; };
		23C4E490259CB08100C665A2 /* OptionListViewController.swift */ = {isa = PBXFileReference; lastKnownFileType = sourcecode.swift; path = OptionListViewController.swift; sourceTree = "<group>"; };
		23CA657F255D5E2B00E60A03 /* SmallTableCell.swift */ = {isa = PBXFileReference; lastKnownFileType = sourcecode.swift; path = SmallTableCell.swift; sourceTree = "<group>"; };
		23DFCBCC255DD133003F9F8D /* ProductManager.swift */ = {isa = PBXFileReference; lastKnownFileType = sourcecode.swift; path = ProductManager.swift; sourceTree = "<group>"; };
		23DFCBCF255DD33F003F9F8D /* UserToken.swift */ = {isa = PBXFileReference; lastKnownFileType = sourcecode.swift; path = UserToken.swift; sourceTree = "<group>"; };
		23F9EFE625652E8E002F3962 /* Button.swift */ = {isa = PBXFileReference; lastKnownFileType = sourcecode.swift; path = Button.swift; sourceTree = "<group>"; };
		23F9EFEA256553B4002F3962 /* UIButton+BackgroundColor.swift */ = {isa = PBXFileReference; lastKnownFileType = sourcecode.swift; path = "UIButton+BackgroundColor.swift"; sourceTree = "<group>"; };
		23F9EFF025655644002F3962 /* ProductDescriptionView.swift */ = {isa = PBXFileReference; lastKnownFileType = sourcecode.swift; path = ProductDescriptionView.swift; sourceTree = "<group>"; };
		23FA56C92556ED5C00B009EA /* SigninViewController.swift */ = {isa = PBXFileReference; lastKnownFileType = sourcecode.swift; path = SigninViewController.swift; sourceTree = "<group>"; };
		23FA56E42556FDF500B009EA /* UIView+Constraints.swift */ = {isa = PBXFileReference; lastKnownFileType = sourcecode.swift; path = "UIView+Constraints.swift"; sourceTree = "<group>"; };
		23FA56E92557113300B009EA /* UIView+Rounded.swift */ = {isa = PBXFileReference; lastKnownFileType = sourcecode.swift; path = "UIView+Rounded.swift"; sourceTree = "<group>"; };
		23FD22DA2563DD3300E8D8A1 /* SearchFieldView.swift */ = {isa = PBXFileReference; lastKnownFileType = sourcecode.swift; path = SearchFieldView.swift; sourceTree = "<group>"; };
		23FD22F9256456A600E8D8A1 /* ProductDetailViewController.swift */ = {isa = PBXFileReference; lastKnownFileType = sourcecode.swift; path = ProductDetailViewController.swift; sourceTree = "<group>"; };
		23FD230125645CCC00E8D8A1 /* ProductLargeView.swift */ = {isa = PBXFileReference; lastKnownFileType = sourcecode.swift; path = ProductLargeView.swift; sourceTree = "<group>"; };
		23FD23042564681C00E8D8A1 /* UILabel+DynamicFont.swift */ = {isa = PBXFileReference; lastKnownFileType = sourcecode.swift; path = "UILabel+DynamicFont.swift"; sourceTree = "<group>"; };
/* End PBXFileReference section */

/* Begin PBXFrameworksBuildPhase section */
		2357A6222541A151003E9595 /* Frameworks */ = {
			isa = PBXFrameworksBuildPhase;
			buildActionMask = 2147483647;
			files = (
			);
			runOnlyForDeploymentPostprocessing = 0;
		};
/* End PBXFrameworksBuildPhase section */

/* Begin PBXGroup section */
		2302B42025A0E2FB009DDF2B /* View */ = {
			isa = PBXGroup;
			children = (
				230CE741255C8C5B0013C430 /* SelfConfiguringProductCell.swift */,
				2359B3A2254F401B00EA978B /* ProductCell.swift */,
			);
			path = View;
			sourceTree = "<group>";
		};
		2302B42125A0E30B009DDF2B /* Product List */ = {
			isa = PBXGroup;
			children = (
				2302B42325A0E4D2009DDF2B /* ProductsListViewController.swift */,
			);
			path = "Product List";
			sourceTree = "<group>";
		};
		23318554259922BE0060018F /* Onboarding */ = {
			isa = PBXGroup;
			children = (
				23318555259922F00060018F /* OnboardingViewController.swift */,
				23318558259923140060018F /* OnboardingView.swift */,
			);
			path = Onboarding;
			sourceTree = "<group>";
		};
		234AD9FF25619C0000F3C428 /* Supporting Files */ = {
			isa = PBXGroup;
			children = (
				234AD9FC25619B9B00F3C428 /* Constants.swift */,
			);
			path = "Supporting Files";
			sourceTree = "<group>";
		};
		235006002592689D00819B58 /* Services */ = {
			isa = PBXGroup;
			children = (
				2356FE3425A2331D005C439C /* Model */,
				2356FE3A25A2364B005C439C /* View */,
				237794202594A1A600C5499F /* Services List */,
				237794262594A2A500C5499F /* Service Detail */,
			);
			path = Services;
			sourceTree = "<group>";
		};
		2356FE2925A217D6005C439C /* Add Product */ = {
			isa = PBXGroup;
			children = (
				2356FE2A25A21806005C439C /* AddProductViewController.swift */,
				2356FE2E25A21814005C439C /* AddProductView.swift */,
			);
			path = "Add Product";
			sourceTree = "<group>";
		};
		2356FE3425A2331D005C439C /* Model */ = {
			isa = PBXGroup;
			children = (
				2356FE3525A23325005C439C /* Networking */,
				23A8F034259367CD00FC872F /* Service.swift */,
			);
			path = Model;
			sourceTree = "<group>";
		};
		2356FE3525A23325005C439C /* Networking */ = {
			isa = PBXGroup;
			children = (
				2356FE3625A23339005C439C /* ServiceManager.swift */,
				2356FE3C25A2393C005C439C /* ServicesData.swift */,
			);
			path = Networking;
			sourceTree = "<group>";
		};
		2356FE3A25A2364B005C439C /* View */ = {
			isa = PBXGroup;
			children = (
				23A8F0312593679C00FC872F /* SelfConfiguringServiceCell.swift */,
			);
			path = View;
			sourceTree = "<group>";
		};
		2356FE3F25A23AC0005C439C /* Accounts */ = {
			isa = PBXGroup;
			children = (
				2356FE4025A23AE5005C439C /* User.swift */,
			);
			path = Accounts;
			sourceTree = "<group>";
		};
		2356FE4425A247B1005C439C /* Search */ = {
			isa = PBXGroup;
			children = (
				2340457A25A308CE00AACBEA /* SearchViewController.swift */,
			);
			path = Search;
			sourceTree = "<group>";
		};
		2357A61C2541A151003E9595 = {
			isa = PBXGroup;
			children = (
				2357A6272541A151003E9595 /* AUBMarketplace */,
				2357A6262541A151003E9595 /* Products */,
			);
			sourceTree = "<group>";
		};
		2357A6262541A151003E9595 /* Products */ = {
			isa = PBXGroup;
			children = (
				2357A6252541A151003E9595 /* AUBMarketplace.app */,
			);
			name = Products;
			sourceTree = "<group>";
		};
		2357A6272541A151003E9595 /* AUBMarketplace */ = {
			isa = PBXGroup;
			children = (
				2357A6282541A151003E9595 /* AppDelegate.swift */,
				2357A62A2541A152003E9595 /* SceneDelegate.swift */,
				2302B40D259E5E03009DDF2B /* MainTabBarController.swift */,
				2369A0F52572EFD10013CC2F /* Reusable Views */,
				23318554259922BE0060018F /* Onboarding */,
				23FA56F225571D4A00B009EA /* Products */,
				235006002592689D00819B58 /* Services */,
				2356FE4425A247B1005C439C /* Search */,
				2356FE3F25A23AC0005C439C /* Accounts */,
				23FA56EE25571D2A00B009EA /* Authentication */,
				23FA56E72556FE8C00B009EA /* Extensions */,
				234AD9FF25619C0000F3C428 /* Supporting Files */,
				2357A6312541A154003E9595 /* Assets.xcassets */,
				2357A6332541A154003E9595 /* LaunchScreen.storyboard */,
				2357A6362541A154003E9595 /* Info.plist */,
			);
			path = AUBMarketplace;
			sourceTree = "<group>";
		};
		2369A0F52572EFD10013CC2F /* Reusable Views */ = {
			isa = PBXGroup;
			children = (
				233BA44A2562A08E0072ED0B /* CustomTextField.swift */,
				23FD22DA2563DD3300E8D8A1 /* SearchFieldView.swift */,
				23F9EFE625652E8E002F3962 /* Button.swift */,
				23C4E471259A5AF000C665A2 /* FilledButton.swift */,
				23C4E489259BB77100C665A2 /* BoldBorderlessTextField.swift */,
				23C4E48C259C8D9200C665A2 /* ListButton.swift */,
			);
			path = "Reusable Views";
			sourceTree = "<group>";
		};
		2369A0F62572EFFD0013CC2F /* Sign In */ = {
			isa = PBXGroup;
			children = (
				23FA56C92556ED5C00B009EA /* SigninViewController.swift */,
			);
			path = "Sign In";
			sourceTree = "<group>";
		};
		2369A0F72572F00A0013CC2F /* Sign Up */ = {
			isa = PBXGroup;
			children = (
				23C4E48F259CAFC700C665A2 /* Option List */,
				23C4E474259B36FA00C665A2 /* Basic Info */,
				23C4E475259B373D00C665A2 /* User Type */,
				23C4E481259BB5FC00C665A2 /* Credentials */,
			);
			path = "Sign Up";
			sourceTree = "<group>";
		};
		237794202594A1A600C5499F /* Services List */ = {
			isa = PBXGroup;
			children = (
				23A8F01A25935AFC00FC872F /* ServiceCell.swift */,
				23500601259268BC00819B58 /* ServicesListViewController.swift */,
			);
			path = "Services List";
			sourceTree = "<group>";
		};
		237794262594A2A500C5499F /* Service Detail */ = {
			isa = PBXGroup;
			children = (
				237794152593AC4500C5499F /* ServiceDetailViewController.swift */,
				23BCBA9625966C33002544AC /* ServiceDetailTitleView.swift */,
				23BCBA9A259747BC002544AC /* ServiceDetailDescriptionView.swift */,
			);
			path = "Service Detail";
			sourceTree = "<group>";
		};
		23C4E474259B36FA00C665A2 /* Basic Info */ = {
			isa = PBXGroup;
			children = (
				2331855B259933870060018F /* SignUpBasicInfoViewController.swift */,
				2331855E2599D48F0060018F /* SignUpBasicInfoView.swift */,
			);
			path = "Basic Info";
			sourceTree = "<group>";
		};
		23C4E475259B373D00C665A2 /* User Type */ = {
			isa = PBXGroup;
			children = (
				23C4E476259B375A00C665A2 /* SignUpUserTypeView.swift */,
				23C4E479259B453300C665A2 /* SignUpUserTypeViewController.swift */,
			);
			path = "User Type";
			sourceTree = "<group>";
		};
		23C4E481259BB5FC00C665A2 /* Credentials */ = {
			isa = PBXGroup;
			children = (
				23C4E482259BB61600C665A2 /* SignUpCredentialsViewController.swift */,
				23C4E486259BB72400C665A2 /* SignUpCredentialsView.swift */,
			);
			path = Credentials;
			sourceTree = "<group>";
		};
		23C4E48F259CAFC700C665A2 /* Option List */ = {
			isa = PBXGroup;
			children = (
				23C4E490259CB08100C665A2 /* OptionListViewController.swift */,
			);
			path = "Option List";
			sourceTree = "<group>";
		};
		23F9EFED256554ED002F3962 /* View */ = {
			isa = PBXGroup;
			children = (
				23FD230125645CCC00E8D8A1 /* ProductLargeView.swift */,
				23F9EFF025655644002F3962 /* ProductDescriptionView.swift */,
			);
			path = View;
			sourceTree = "<group>";
		};
		23F9EFF325655BD9002F3962 /* Controller */ = {
			isa = PBXGroup;
			children = (
				23FD22F9256456A600E8D8A1 /* ProductDetailViewController.swift */,
			);
			path = Controller;
			sourceTree = "<group>";
		};
		23FA56E72556FE8C00B009EA /* Extensions */ = {
			isa = PBXGroup;
			children = (
				23FA56E42556FDF500B009EA /* UIView+Constraints.swift */,
				23FA56E92557113300B009EA /* UIView+Rounded.swift */,
				2328727A25626BFF00103EAC /* UIControl+Animate.swift */,
				23FD23042564681C00E8D8A1 /* UILabel+DynamicFont.swift */,
				23F9EFEA256553B4002F3962 /* UIButton+BackgroundColor.swift */,
				2377942E2594B29100C5499F /* UIViewController+Children.swift */,
				23BCBA9D25975D07002544AC /* UITableView+AnimatedDeselection.swift */,
				2356FE3125A21A51005C439C /* UITextField+ContentTypeSetup.swift */,
			);
			path = Extensions;
			sourceTree = "<group>";
		};
		23FA56EE25571D2A00B009EA /* Authentication */ = {
			isa = PBXGroup;
			children = (
				23FD22EB2563FB5500E8D8A1 /* Model */,
				2369A0F62572EFFD0013CC2F /* Sign In */,
				2369A0F72572F00A0013CC2F /* Sign Up */,
			);
			path = Authentication;
			sourceTree = "<group>";
		};
		23FA56F225571D4A00B009EA /* Products */ = {
			isa = PBXGroup;
			children = (
				23FD22E02563FA3000E8D8A1 /* Model */,
				2302B42025A0E2FB009DDF2B /* View */,
				2356FE2925A217D6005C439C /* Add Product */,
				23FD22F82564568A00E8D8A1 /* Product Detail */,
				23FD22F62564568100E8D8A1 /* Products Feed */,
				2302B42125A0E30B009DDF2B /* Product List */,
			);
			path = Products;
			sourceTree = "<group>";
		};
		23FD22E02563FA3000E8D8A1 /* Model */ = {
			isa = PBXGroup;
			children = (
				230CE744255C8CB00013C430 /* Product.swift */,
				23FD22E22563FA7400E8D8A1 /* Networking */,
			);
			path = Model;
			sourceTree = "<group>";
		};
		23FD22E22563FA7400E8D8A1 /* Networking */ = {
			isa = PBXGroup;
			children = (
				2302B418259F36CA009DDF2B /* ImageURLProtocol.swift */,
				2302B412259F35AB009DDF2B /* ProductImageCache.swift */,
				23DFCBCC255DD133003F9F8D /* ProductManager.swift */,
				239339B7255DDB7E0087D5CF /* ProductsData.swift */,
			);
			path = Networking;
			sourceTree = "<group>";
		};
		23FD22E42563FAA100E8D8A1 /* Model */ = {
			isa = PBXGroup;
			children = (
				2359B398254F2B9400EA978B /* ProductController.swift */,
				230CE747255C8D770013C430 /* ProductCollection.swift */,
				235EA421255D58A40087BA07 /* ProductSection.swift */,
			);
			path = Model;
			sourceTree = "<group>";
		};
		23FD22E52563FABD00E8D8A1 /* View */ = {
			isa = PBXGroup;
			children = (
				23CA657F255D5E2B00E60A03 /* SmallTableCell.swift */,
				2359B3A6254F43EE00EA978B /* TitleSupplementaryView.swift */,
			);
			path = View;
			sourceTree = "<group>";
		};
		23FD22E72563FAC800E8D8A1 /* Controller */ = {
			isa = PBXGroup;
			children = (
				2357A62C2541A152003E9595 /* ProductsFeedViewController.swift */,
			);
			path = Controller;
			sourceTree = "<group>";
		};
		23FD22EA2563FB4A00E8D8A1 /* Networking */ = {
			isa = PBXGroup;
			children = (
				236E78E0255C0A2A00AB971B /* AuthenticationManagerDelegate.swift */,
				236E78E3255C0A5300AB971B /* AuthenticationManager.swift */,
				23DFCBCF255DD33F003F9F8D /* UserToken.swift */,
			);
			path = Networking;
			sourceTree = "<group>";
		};
		23FD22EB2563FB5500E8D8A1 /* Model */ = {
			isa = PBXGroup;
			children = (
				23FD22EA2563FB4A00E8D8A1 /* Networking */,
				236E78E6255C0ADA00AB971B /* BasicUser.swift */,
				23C4E47C259B8EDF00C665A2 /* UserType.swift */,
			);
			path = Model;
			sourceTree = "<group>";
		};
		23FD22F62564568100E8D8A1 /* Products Feed */ = {
			isa = PBXGroup;
			children = (
				23FD22E42563FAA100E8D8A1 /* Model */,
				23FD22E52563FABD00E8D8A1 /* View */,
				23FD22E72563FAC800E8D8A1 /* Controller */,
			);
			path = "Products Feed";
			sourceTree = "<group>";
		};
		23FD22F82564568A00E8D8A1 /* Product Detail */ = {
			isa = PBXGroup;
			children = (
				23F9EFED256554ED002F3962 /* View */,
				23F9EFF325655BD9002F3962 /* Controller */,
			);
			path = "Product Detail";
			sourceTree = "<group>";
		};
/* End PBXGroup section */

/* Begin PBXNativeTarget section */
		2357A6242541A151003E9595 /* AUBMarketplace */ = {
			isa = PBXNativeTarget;
			buildConfigurationList = 2357A6392541A154003E9595 /* Build configuration list for PBXNativeTarget "AUBMarketplace" */;
			buildPhases = (
				2357A6212541A151003E9595 /* Sources */,
				2357A6222541A151003E9595 /* Frameworks */,
				2357A6232541A151003E9595 /* Resources */,
			);
			buildRules = (
			);
			dependencies = (
			);
			name = AUBMarketplace;
			productName = AUBMarketplace;
			productReference = 2357A6252541A151003E9595 /* AUBMarketplace.app */;
			productType = "com.apple.product-type.application";
		};
/* End PBXNativeTarget section */

/* Begin PBXProject section */
		2357A61D2541A151003E9595 /* Project object */ = {
			isa = PBXProject;
			attributes = {
				LastSwiftUpdateCheck = 1200;
				LastUpgradeCheck = 1200;
				TargetAttributes = {
					2357A6242541A151003E9595 = {
						CreatedOnToolsVersion = 12.0.1;
					};
				};
			};
			buildConfigurationList = 2357A6202541A151003E9595 /* Build configuration list for PBXProject "AUBMarketplace" */;
			compatibilityVersion = "Xcode 9.3";
			developmentRegion = en;
			hasScannedForEncodings = 0;
			knownRegions = (
				en,
				Base,
			);
			mainGroup = 2357A61C2541A151003E9595;
			productRefGroup = 2357A6262541A151003E9595 /* Products */;
			projectDirPath = "";
			projectRoot = "";
			targets = (
				2357A6242541A151003E9595 /* AUBMarketplace */,
			);
		};
/* End PBXProject section */

/* Begin PBXResourcesBuildPhase section */
		2357A6232541A151003E9595 /* Resources */ = {
			isa = PBXResourcesBuildPhase;
			buildActionMask = 2147483647;
			files = (
				2357A6352541A154003E9595 /* LaunchScreen.storyboard in Resources */,
				2357A6322541A154003E9595 /* Assets.xcassets in Resources */,
			);
			runOnlyForDeploymentPostprocessing = 0;
		};
/* End PBXResourcesBuildPhase section */

/* Begin PBXSourcesBuildPhase section */
		2357A6212541A151003E9595 /* Sources */ = {
			isa = PBXSourcesBuildPhase;
			buildActionMask = 2147483647;
			files = (
				2356FE2F25A21814005C439C /* AddProductView.swift in Sources */,
				2359B399254F2B9400EA978B /* ProductController.swift in Sources */,
				23C4E48D259C8D9200C665A2 /* ListButton.swift in Sources */,
				2356FE2B25A21806005C439C /* AddProductViewController.swift in Sources */,
				235EA422255D58A40087BA07 /* ProductSection.swift in Sources */,
				2356FE3725A23339005C439C /* ServiceManager.swift in Sources */,
				23318559259923140060018F /* OnboardingView.swift in Sources */,
				23C4E491259CB08100C665A2 /* OptionListViewController.swift in Sources */,
				2357A62D2541A152003E9595 /* ProductsFeedViewController.swift in Sources */,
				23A8F01B25935AFC00FC872F /* ServiceCell.swift in Sources */,
				23DFCBD0255DD33F003F9F8D /* UserToken.swift in Sources */,
				2331855C259933870060018F /* SignUpBasicInfoViewController.swift in Sources */,
				2340457B25A308CE00AACBEA /* SearchViewController.swift in Sources */,
				23F9EFEB256553B4002F3962 /* UIButton+BackgroundColor.swift in Sources */,
				2356FE4125A23AE5005C439C /* User.swift in Sources */,
				23FD22DB2563DD3300E8D8A1 /* SearchFieldView.swift in Sources */,
				230CE745255C8CB00013C430 /* Product.swift in Sources */,
				23C4E483259BB61600C665A2 /* SignUpCredentialsViewController.swift in Sources */,
				2356FE3225A21A51005C439C /* UITextField+ContentTypeSetup.swift in Sources */,
				23500602259268BC00819B58 /* ServicesListViewController.swift in Sources */,
				23C4E48A259BB77100C665A2 /* BoldBorderlessTextField.swift in Sources */,
				23C4E487259BB72400C665A2 /* SignUpCredentialsView.swift in Sources */,
				234AD9FD25619B9B00F3C428 /* Constants.swift in Sources */,
				23FA56E52556FDF500B009EA /* UIView+Constraints.swift in Sources */,
				233BA44B2562A08E0072ED0B /* CustomTextField.swift in Sources */,
				23CA6580255D5E2B00E60A03 /* SmallTableCell.swift in Sources */,
				23A8F035259367CD00FC872F /* Service.swift in Sources */,
				2357A6292541A151003E9595 /* AppDelegate.swift in Sources */,
				239339B8255DDB7E0087D5CF /* ProductsData.swift in Sources */,
				2377942F2594B29200C5499F /* UIViewController+Children.swift in Sources */,
				23FA56EA2557113300B009EA /* UIView+Rounded.swift in Sources */,
				236E78E7255C0ADA00AB971B /* BasicUser.swift in Sources */,
				2302B413259F35AB009DDF2B /* ProductImageCache.swift in Sources */,
				2359B3A7254F43EE00EA978B /* TitleSupplementaryView.swift in Sources */,
				2331855F2599D48F0060018F /* SignUpBasicInfoView.swift in Sources */,
				23BCBA9B259747BD002544AC /* ServiceDetailDescriptionView.swift in Sources */,
				2328727B25626BFF00103EAC /* UIControl+Animate.swift in Sources */,
				2302B40E259E5E03009DDF2B /* MainTabBarController.swift in Sources */,
				23FD22FA256456A600E8D8A1 /* ProductDetailViewController.swift in Sources */,
				23F9EFF125655644002F3962 /* ProductDescriptionView.swift in Sources */,
				2302B42425A0E4D2009DDF2B /* ProductsListViewController.swift in Sources */,
				23DFCBCD255DD133003F9F8D /* ProductManager.swift in Sources */,
				230CE742255C8C5B0013C430 /* SelfConfiguringProductCell.swift in Sources */,
				236E78E4255C0A5300AB971B /* AuthenticationManager.swift in Sources */,
				2356FE3D25A2393C005C439C /* ServicesData.swift in Sources */,
				23C4E47D259B8EDF00C665A2 /* UserType.swift in Sources */,
				23A8F0322593679C00FC872F /* SelfConfiguringServiceCell.swift in Sources */,
				23318556259922F00060018F /* OnboardingViewController.swift in Sources */,
				236E78E1255C0A2A00AB971B /* AuthenticationManagerDelegate.swift in Sources */,
				23BCBA9725966C33002544AC /* ServiceDetailTitleView.swift in Sources */,
				23FD23052564681C00E8D8A1 /* UILabel+DynamicFont.swift in Sources */,
				2357A62B2541A152003E9595 /* SceneDelegate.swift in Sources */,
				23C4E477259B375A00C665A2 /* SignUpUserTypeView.swift in Sources */,
				23BCBA9E25975D07002544AC /* UITableView+AnimatedDeselection.swift in Sources */,
				2359B3A3254F401B00EA978B /* ProductCell.swift in Sources */,
				23C4E472259A5AF000C665A2 /* FilledButton.swift in Sources */,
				23FA56CA2556ED5C00B009EA /* SigninViewController.swift in Sources */,
				230CE748255C8D770013C430 /* ProductCollection.swift in Sources */,
				237794162593AC4500C5499F /* ServiceDetailViewController.swift in Sources */,
				23C4E47A259B453300C665A2 /* SignUpUserTypeViewController.swift in Sources */,
				2302B419259F36CA009DDF2B /* ImageURLProtocol.swift in Sources */,
				23FD230225645CCC00E8D8A1 /* ProductLargeView.swift in Sources */,
				23F9EFE725652E8E002F3962 /* Button.swift in Sources */,
			);
			runOnlyForDeploymentPostprocessing = 0;
		};
/* End PBXSourcesBuildPhase section */

/* Begin PBXVariantGroup section */
		2357A6332541A154003E9595 /* LaunchScreen.storyboard */ = {
			isa = PBXVariantGroup;
			children = (
				2357A6342541A154003E9595 /* Base */,
			);
			name = LaunchScreen.storyboard;
			sourceTree = "<group>";
		};
/* End PBXVariantGroup section */

/* Begin XCBuildConfiguration section */
		2357A6372541A154003E9595 /* Debug */ = {
			isa = XCBuildConfiguration;
			buildSettings = {
				ALWAYS_SEARCH_USER_PATHS = NO;
				CLANG_ANALYZER_NONNULL = YES;
				CLANG_ANALYZER_NUMBER_OBJECT_CONVERSION = YES_AGGRESSIVE;
				CLANG_CXX_LANGUAGE_STANDARD = "gnu++14";
				CLANG_CXX_LIBRARY = "libc++";
				CLANG_ENABLE_MODULES = YES;
				CLANG_ENABLE_OBJC_ARC = YES;
				CLANG_ENABLE_OBJC_WEAK = YES;
				CLANG_WARN_BLOCK_CAPTURE_AUTORELEASING = YES;
				CLANG_WARN_BOOL_CONVERSION = YES;
				CLANG_WARN_COMMA = YES;
				CLANG_WARN_CONSTANT_CONVERSION = YES;
				CLANG_WARN_DEPRECATED_OBJC_IMPLEMENTATIONS = YES;
				CLANG_WARN_DIRECT_OBJC_ISA_USAGE = YES_ERROR;
				CLANG_WARN_DOCUMENTATION_COMMENTS = YES;
				CLANG_WARN_EMPTY_BODY = YES;
				CLANG_WARN_ENUM_CONVERSION = YES;
				CLANG_WARN_INFINITE_RECURSION = YES;
				CLANG_WARN_INT_CONVERSION = YES;
				CLANG_WARN_NON_LITERAL_NULL_CONVERSION = YES;
				CLANG_WARN_OBJC_IMPLICIT_RETAIN_SELF = YES;
				CLANG_WARN_OBJC_LITERAL_CONVERSION = YES;
				CLANG_WARN_OBJC_ROOT_CLASS = YES_ERROR;
				CLANG_WARN_QUOTED_INCLUDE_IN_FRAMEWORK_HEADER = YES;
				CLANG_WARN_RANGE_LOOP_ANALYSIS = YES;
				CLANG_WARN_STRICT_PROTOTYPES = YES;
				CLANG_WARN_SUSPICIOUS_MOVE = YES;
				CLANG_WARN_UNGUARDED_AVAILABILITY = YES_AGGRESSIVE;
				CLANG_WARN_UNREACHABLE_CODE = YES;
				CLANG_WARN__DUPLICATE_METHOD_MATCH = YES;
				COPY_PHASE_STRIP = NO;
				DEBUG_INFORMATION_FORMAT = dwarf;
				ENABLE_STRICT_OBJC_MSGSEND = YES;
				ENABLE_TESTABILITY = YES;
				GCC_C_LANGUAGE_STANDARD = gnu11;
				GCC_DYNAMIC_NO_PIC = NO;
				GCC_NO_COMMON_BLOCKS = YES;
				GCC_OPTIMIZATION_LEVEL = 0;
				GCC_PREPROCESSOR_DEFINITIONS = (
					"DEBUG=1",
					"$(inherited)",
				);
				GCC_WARN_64_TO_32_BIT_CONVERSION = YES;
				GCC_WARN_ABOUT_RETURN_TYPE = YES_ERROR;
				GCC_WARN_UNDECLARED_SELECTOR = YES;
				GCC_WARN_UNINITIALIZED_AUTOS = YES_AGGRESSIVE;
				GCC_WARN_UNUSED_FUNCTION = YES;
				GCC_WARN_UNUSED_VARIABLE = YES;
				IPHONEOS_DEPLOYMENT_TARGET = 14.0;
				MTL_ENABLE_DEBUG_INFO = INCLUDE_SOURCE;
				MTL_FAST_MATH = YES;
				ONLY_ACTIVE_ARCH = YES;
				SDKROOT = iphoneos;
				SWIFT_ACTIVE_COMPILATION_CONDITIONS = DEBUG;
				SWIFT_OPTIMIZATION_LEVEL = "-Onone";
			};
			name = Debug;
		};
		2357A6382541A154003E9595 /* Release */ = {
			isa = XCBuildConfiguration;
			buildSettings = {
				ALWAYS_SEARCH_USER_PATHS = NO;
				CLANG_ANALYZER_NONNULL = YES;
				CLANG_ANALYZER_NUMBER_OBJECT_CONVERSION = YES_AGGRESSIVE;
				CLANG_CXX_LANGUAGE_STANDARD = "gnu++14";
				CLANG_CXX_LIBRARY = "libc++";
				CLANG_ENABLE_MODULES = YES;
				CLANG_ENABLE_OBJC_ARC = YES;
				CLANG_ENABLE_OBJC_WEAK = YES;
				CLANG_WARN_BLOCK_CAPTURE_AUTORELEASING = YES;
				CLANG_WARN_BOOL_CONVERSION = YES;
				CLANG_WARN_COMMA = YES;
				CLANG_WARN_CONSTANT_CONVERSION = YES;
				CLANG_WARN_DEPRECATED_OBJC_IMPLEMENTATIONS = YES;
				CLANG_WARN_DIRECT_OBJC_ISA_USAGE = YES_ERROR;
				CLANG_WARN_DOCUMENTATION_COMMENTS = YES;
				CLANG_WARN_EMPTY_BODY = YES;
				CLANG_WARN_ENUM_CONVERSION = YES;
				CLANG_WARN_INFINITE_RECURSION = YES;
				CLANG_WARN_INT_CONVERSION = YES;
				CLANG_WARN_NON_LITERAL_NULL_CONVERSION = YES;
				CLANG_WARN_OBJC_IMPLICIT_RETAIN_SELF = YES;
				CLANG_WARN_OBJC_LITERAL_CONVERSION = YES;
				CLANG_WARN_OBJC_ROOT_CLASS = YES_ERROR;
				CLANG_WARN_QUOTED_INCLUDE_IN_FRAMEWORK_HEADER = YES;
				CLANG_WARN_RANGE_LOOP_ANALYSIS = YES;
				CLANG_WARN_STRICT_PROTOTYPES = YES;
				CLANG_WARN_SUSPICIOUS_MOVE = YES;
				CLANG_WARN_UNGUARDED_AVAILABILITY = YES_AGGRESSIVE;
				CLANG_WARN_UNREACHABLE_CODE = YES;
				CLANG_WARN__DUPLICATE_METHOD_MATCH = YES;
				COPY_PHASE_STRIP = NO;
				DEBUG_INFORMATION_FORMAT = "dwarf-with-dsym";
				ENABLE_NS_ASSERTIONS = NO;
				ENABLE_STRICT_OBJC_MSGSEND = YES;
				GCC_C_LANGUAGE_STANDARD = gnu11;
				GCC_NO_COMMON_BLOCKS = YES;
				GCC_WARN_64_TO_32_BIT_CONVERSION = YES;
				GCC_WARN_ABOUT_RETURN_TYPE = YES_ERROR;
				GCC_WARN_UNDECLARED_SELECTOR = YES;
				GCC_WARN_UNINITIALIZED_AUTOS = YES_AGGRESSIVE;
				GCC_WARN_UNUSED_FUNCTION = YES;
				GCC_WARN_UNUSED_VARIABLE = YES;
				IPHONEOS_DEPLOYMENT_TARGET = 14.0;
				MTL_ENABLE_DEBUG_INFO = NO;
				MTL_FAST_MATH = YES;
				SDKROOT = iphoneos;
				SWIFT_COMPILATION_MODE = wholemodule;
				SWIFT_OPTIMIZATION_LEVEL = "-O";
				VALIDATE_PRODUCT = YES;
			};
			name = Release;
		};
		2357A63A2541A154003E9595 /* Debug */ = {
			isa = XCBuildConfiguration;
			buildSettings = {
				ASSETCATALOG_COMPILER_APPICON_NAME = AppIcon;
				ASSETCATALOG_COMPILER_GLOBAL_ACCENT_COLOR_NAME = AccentColor;
				CODE_SIGN_STYLE = Automatic;
				DEVELOPMENT_TEAM = 5X3PZ7P8YG;
				INFOPLIST_FILE = AUBMarketplace/Info.plist;
				LD_RUNPATH_SEARCH_PATHS = (
					"$(inherited)",
					"@executable_path/Frameworks",
				);
				PRODUCT_BUNDLE_IDENTIFIER = com.omarkhodr.AUBMarketplace;
				PRODUCT_NAME = "$(TARGET_NAME)";
				SWIFT_VERSION = 5.0;
				TARGETED_DEVICE_FAMILY = "1,2";
			};
			name = Debug;
		};
		2357A63B2541A154003E9595 /* Release */ = {
			isa = XCBuildConfiguration;
			buildSettings = {
				ASSETCATALOG_COMPILER_APPICON_NAME = AppIcon;
				ASSETCATALOG_COMPILER_GLOBAL_ACCENT_COLOR_NAME = AccentColor;
				CODE_SIGN_STYLE = Automatic;
				DEVELOPMENT_TEAM = 5X3PZ7P8YG;
				INFOPLIST_FILE = AUBMarketplace/Info.plist;
				LD_RUNPATH_SEARCH_PATHS = (
					"$(inherited)",
					"@executable_path/Frameworks",
				);
				PRODUCT_BUNDLE_IDENTIFIER = com.omarkhodr.AUBMarketplace;
				PRODUCT_NAME = "$(TARGET_NAME)";
				SWIFT_VERSION = 5.0;
				TARGETED_DEVICE_FAMILY = "1,2";
			};
			name = Release;
		};
/* End XCBuildConfiguration section */

/* Begin XCConfigurationList section */
		2357A6202541A151003E9595 /* Build configuration list for PBXProject "AUBMarketplace" */ = {
			isa = XCConfigurationList;
			buildConfigurations = (
				2357A6372541A154003E9595 /* Debug */,
				2357A6382541A154003E9595 /* Release */,
			);
			defaultConfigurationIsVisible = 0;
			defaultConfigurationName = Release;
		};
		2357A6392541A154003E9595 /* Build configuration list for PBXNativeTarget "AUBMarketplace" */ = {
			isa = XCConfigurationList;
			buildConfigurations = (
				2357A63A2541A154003E9595 /* Debug */,
				2357A63B2541A154003E9595 /* Release */,
			);
			defaultConfigurationIsVisible = 0;
			defaultConfigurationName = Release;
		};
/* End XCConfigurationList section */
	};
	rootObject = 2357A61D2541A151003E9595 /* Project object */;
}
