// !$*UTF8*$!
{
	archiveVersion = 1;
	classes = {
	};
	objectVersion = 50;
	objects = {

/* Begin PBXBuildFile section */
		230CE742255C8C5B0013C430 /* SelfConfiguringProductCell.swift in Sources */ = {isa = PBXBuildFile; fileRef = 230CE741255C8C5B0013C430 /* SelfConfiguringProductCell.swift */; };
		230CE745255C8CB00013C430 /* Product.swift in Sources */ = {isa = PBXBuildFile; fileRef = 230CE744255C8CB00013C430 /* Product.swift */; };
		230CE748255C8D770013C430 /* ProductCollection.swift in Sources */ = {isa = PBXBuildFile; fileRef = 230CE747255C8D770013C430 /* ProductCollection.swift */; };
		23331AA92556B0B100A0223C /* TabBarViewController.swift in Sources */ = {isa = PBXBuildFile; fileRef = 23331AA82556B0B100A0223C /* TabBarViewController.swift */; };
		2357A6292541A151003E9595 /* AppDelegate.swift in Sources */ = {isa = PBXBuildFile; fileRef = 2357A6282541A151003E9595 /* AppDelegate.swift */; };
		2357A62B2541A152003E9595 /* SceneDelegate.swift in Sources */ = {isa = PBXBuildFile; fileRef = 2357A62A2541A152003E9595 /* SceneDelegate.swift */; };
		2357A62D2541A152003E9595 /* ProductsFeedViewController.swift in Sources */ = {isa = PBXBuildFile; fileRef = 2357A62C2541A152003E9595 /* ProductsFeedViewController.swift */; };
		2357A6302541A152003E9595 /* Main.storyboard in Resources */ = {isa = PBXBuildFile; fileRef = 2357A62E2541A152003E9595 /* Main.storyboard */; };
		2357A6322541A154003E9595 /* Assets.xcassets in Resources */ = {isa = PBXBuildFile; fileRef = 2357A6312541A154003E9595 /* Assets.xcassets */; };
		2357A6352541A154003E9595 /* LaunchScreen.storyboard in Resources */ = {isa = PBXBuildFile; fileRef = 2357A6332541A154003E9595 /* LaunchScreen.storyboard */; };
		2359B399254F2B9400EA978B /* ProductController.swift in Sources */ = {isa = PBXBuildFile; fileRef = 2359B398254F2B9400EA978B /* ProductController.swift */; };
		2359B3A3254F401B00EA978B /* ProductCell.swift in Sources */ = {isa = PBXBuildFile; fileRef = 2359B3A2254F401B00EA978B /* ProductCell.swift */; };
		2359B3A7254F43EE00EA978B /* TitleSupplementaryView.swift in Sources */ = {isa = PBXBuildFile; fileRef = 2359B3A6254F43EE00EA978B /* TitleSupplementaryView.swift */; };
		235EA422255D58A40087BA07 /* ProductSectionCategory.swift in Sources */ = {isa = PBXBuildFile; fileRef = 235EA421255D58A40087BA07 /* ProductSectionCategory.swift */; };
		236E78E1255C0A2A00AB971B /* AuthenticationManagerDelegate.swift in Sources */ = {isa = PBXBuildFile; fileRef = 236E78E0255C0A2A00AB971B /* AuthenticationManagerDelegate.swift */; };
		236E78E4255C0A5300AB971B /* AuthenticationManager.swift in Sources */ = {isa = PBXBuildFile; fileRef = 236E78E3255C0A5300AB971B /* AuthenticationManager.swift */; };
		236E78E7255C0ADA00AB971B /* User.swift in Sources */ = {isa = PBXBuildFile; fileRef = 236E78E6255C0ADA00AB971B /* User.swift */; };
		239339B8255DDB7E0087D5CF /* ProductsData.swift in Sources */ = {isa = PBXBuildFile; fileRef = 239339B7255DDB7E0087D5CF /* ProductsData.swift */; };
		23CA6580255D5E2B00E60A03 /* SmallTableCell.swift in Sources */ = {isa = PBXBuildFile; fileRef = 23CA657F255D5E2B00E60A03 /* SmallTableCell.swift */; };
		23DFCBCA255DD084003F9F8D /* ProductManagerDelegate.swift in Sources */ = {isa = PBXBuildFile; fileRef = 23DFCBC9255DD084003F9F8D /* ProductManagerDelegate.swift */; };
		23DFCBCD255DD133003F9F8D /* ProductManager.swift in Sources */ = {isa = PBXBuildFile; fileRef = 23DFCBCC255DD133003F9F8D /* ProductManager.swift */; };
		23DFCBD0255DD33F003F9F8D /* UserToken.swift in Sources */ = {isa = PBXBuildFile; fileRef = 23DFCBCF255DD33F003F9F8D /* UserToken.swift */; };
		23FA56CA2556ED5C00B009EA /* LoginViewController.swift in Sources */ = {isa = PBXBuildFile; fileRef = 23FA56C92556ED5C00B009EA /* LoginViewController.swift */; };
		23FA56E52556FDF500B009EA /* UIView+Constraints.swift in Sources */ = {isa = PBXBuildFile; fileRef = 23FA56E42556FDF500B009EA /* UIView+Constraints.swift */; };
		23FA56EA2557113300B009EA /* UIView+Rounded.swift in Sources */ = {isa = PBXBuildFile; fileRef = 23FA56E92557113300B009EA /* UIView+Rounded.swift */; };
/* End PBXBuildFile section */

/* Begin PBXFileReference section */
		230CE741255C8C5B0013C430 /* SelfConfiguringProductCell.swift */ = {isa = PBXFileReference; lastKnownFileType = sourcecode.swift; path = SelfConfiguringProductCell.swift; sourceTree = "<group>"; };
		230CE744255C8CB00013C430 /* Product.swift */ = {isa = PBXFileReference; lastKnownFileType = sourcecode.swift; path = Product.swift; sourceTree = "<group>"; };
		230CE747255C8D770013C430 /* ProductCollection.swift */ = {isa = PBXFileReference; lastKnownFileType = sourcecode.swift; path = ProductCollection.swift; sourceTree = "<group>"; };
		23331AA82556B0B100A0223C /* TabBarViewController.swift */ = {isa = PBXFileReference; lastKnownFileType = sourcecode.swift; path = TabBarViewController.swift; sourceTree = "<group>"; };
		2357A6252541A151003E9595 /* AUBMarketplace.app */ = {isa = PBXFileReference; explicitFileType = wrapper.application; includeInIndex = 0; path = AUBMarketplace.app; sourceTree = BUILT_PRODUCTS_DIR; };
		2357A6282541A151003E9595 /* AppDelegate.swift */ = {isa = PBXFileReference; lastKnownFileType = sourcecode.swift; path = AppDelegate.swift; sourceTree = "<group>"; };
		2357A62A2541A152003E9595 /* SceneDelegate.swift */ = {isa = PBXFileReference; lastKnownFileType = sourcecode.swift; path = SceneDelegate.swift; sourceTree = "<group>"; };
		2357A62C2541A152003E9595 /* ProductsFeedViewController.swift */ = {isa = PBXFileReference; lastKnownFileType = sourcecode.swift; path = ProductsFeedViewController.swift; sourceTree = "<group>"; };
		2357A62F2541A152003E9595 /* Base */ = {isa = PBXFileReference; lastKnownFileType = file.storyboard; name = Base; path = Base.lproj/Main.storyboard; sourceTree = "<group>"; };
		2357A6312541A154003E9595 /* Assets.xcassets */ = {isa = PBXFileReference; lastKnownFileType = folder.assetcatalog; path = Assets.xcassets; sourceTree = "<group>"; };
		2357A6342541A154003E9595 /* Base */ = {isa = PBXFileReference; lastKnownFileType = file.storyboard; name = Base; path = Base.lproj/LaunchScreen.storyboard; sourceTree = "<group>"; };
		2357A6362541A154003E9595 /* Info.plist */ = {isa = PBXFileReference; lastKnownFileType = text.plist.xml; path = Info.plist; sourceTree = "<group>"; };
		2359B398254F2B9400EA978B /* ProductController.swift */ = {isa = PBXFileReference; lastKnownFileType = sourcecode.swift; path = ProductController.swift; sourceTree = "<group>"; };
		2359B3A2254F401B00EA978B /* ProductCell.swift */ = {isa = PBXFileReference; lastKnownFileType = sourcecode.swift; path = ProductCell.swift; sourceTree = "<group>"; };
		2359B3A6254F43EE00EA978B /* TitleSupplementaryView.swift */ = {isa = PBXFileReference; lastKnownFileType = sourcecode.swift; path = TitleSupplementaryView.swift; sourceTree = "<group>"; };
		235EA421255D58A40087BA07 /* ProductSectionCategory.swift */ = {isa = PBXFileReference; lastKnownFileType = sourcecode.swift; path = ProductSectionCategory.swift; sourceTree = "<group>"; };
		236E78E0255C0A2A00AB971B /* AuthenticationManagerDelegate.swift */ = {isa = PBXFileReference; lastKnownFileType = sourcecode.swift; path = AuthenticationManagerDelegate.swift; sourceTree = "<group>"; };
		236E78E3255C0A5300AB971B /* AuthenticationManager.swift */ = {isa = PBXFileReference; lastKnownFileType = sourcecode.swift; path = AuthenticationManager.swift; sourceTree = "<group>"; };
		236E78E6255C0ADA00AB971B /* User.swift */ = {isa = PBXFileReference; lastKnownFileType = sourcecode.swift; path = User.swift; sourceTree = "<group>"; };
		239339B7255DDB7E0087D5CF /* ProductsData.swift */ = {isa = PBXFileReference; lastKnownFileType = sourcecode.swift; path = ProductsData.swift; sourceTree = "<group>"; };
		23CA657F255D5E2B00E60A03 /* SmallTableCell.swift */ = {isa = PBXFileReference; lastKnownFileType = sourcecode.swift; path = SmallTableCell.swift; sourceTree = "<group>"; };
		23DFCBC9255DD084003F9F8D /* ProductManagerDelegate.swift */ = {isa = PBXFileReference; lastKnownFileType = sourcecode.swift; path = ProductManagerDelegate.swift; sourceTree = "<group>"; };
		23DFCBCC255DD133003F9F8D /* ProductManager.swift */ = {isa = PBXFileReference; lastKnownFileType = sourcecode.swift; path = ProductManager.swift; sourceTree = "<group>"; };
		23DFCBCF255DD33F003F9F8D /* UserToken.swift */ = {isa = PBXFileReference; lastKnownFileType = sourcecode.swift; path = UserToken.swift; sourceTree = "<group>"; };
		23FA56C92556ED5C00B009EA /* LoginViewController.swift */ = {isa = PBXFileReference; lastKnownFileType = sourcecode.swift; path = LoginViewController.swift; sourceTree = "<group>"; };
		23FA56E42556FDF500B009EA /* UIView+Constraints.swift */ = {isa = PBXFileReference; lastKnownFileType = sourcecode.swift; path = "UIView+Constraints.swift"; sourceTree = "<group>"; };
		23FA56E92557113300B009EA /* UIView+Rounded.swift */ = {isa = PBXFileReference; lastKnownFileType = sourcecode.swift; path = "UIView+Rounded.swift"; sourceTree = "<group>"; };
/* End PBXFileReference section */

/* Begin PBXFrameworksBuildPhase section */
		2357A6222541A151003E9595 /* Frameworks */ = {
			isa = PBXFrameworksBuildPhase;
			buildActionMask = 2147483647;
			files = (
			);
			runOnlyForDeploymentPostprocessing = 0;
		};
/* End PBXFrameworksBuildPhase section */

/* Begin PBXGroup section */
		2357A61C2541A151003E9595 = {
			isa = PBXGroup;
			children = (
				2357A6272541A151003E9595 /* AUBMarketplace */,
				2357A6262541A151003E9595 /* Products */,
			);
			sourceTree = "<group>";
		};
		2357A6262541A151003E9595 /* Products */ = {
			isa = PBXGroup;
			children = (
				2357A6252541A151003E9595 /* AUBMarketplace.app */,
			);
			name = Products;
			sourceTree = "<group>";
		};
		2357A6272541A151003E9595 /* AUBMarketplace */ = {
			isa = PBXGroup;
			children = (
				2357A6282541A151003E9595 /* AppDelegate.swift */,
				2357A62A2541A152003E9595 /* SceneDelegate.swift */,
				2357A62E2541A152003E9595 /* Main.storyboard */,
				23331AA82556B0B100A0223C /* TabBarViewController.swift */,
				23FA56F225571D4A00B009EA /* Products */,
				23FA56EE25571D2A00B009EA /* Me */,
				2357A6312541A154003E9595 /* Assets.xcassets */,
				2357A6332541A154003E9595 /* LaunchScreen.storyboard */,
				2357A6362541A154003E9595 /* Info.plist */,
				23FA56E72556FE8C00B009EA /* Extensions */,
			);
			path = AUBMarketplace;
			sourceTree = "<group>";
		};
		23FA56E72556FE8C00B009EA /* Extensions */ = {
			isa = PBXGroup;
			children = (
				23FA56E42556FDF500B009EA /* UIView+Constraints.swift */,
				23FA56E92557113300B009EA /* UIView+Rounded.swift */,
			);
			path = Extensions;
			sourceTree = "<group>";
		};
		23FA56EE25571D2A00B009EA /* Me */ = {
			isa = PBXGroup;
			children = (
				23FA56C92556ED5C00B009EA /* LoginViewController.swift */,
				236E78E0255C0A2A00AB971B /* AuthenticationManagerDelegate.swift */,
				236E78E3255C0A5300AB971B /* AuthenticationManager.swift */,
				236E78E6255C0ADA00AB971B /* User.swift */,
				23DFCBCF255DD33F003F9F8D /* UserToken.swift */,
			);
			path = Me;
			sourceTree = "<group>";
		};
		23FA56F225571D4A00B009EA /* Products */ = {
			isa = PBXGroup;
			children = (
				2359B398254F2B9400EA978B /* ProductController.swift */,
				230CE744255C8CB00013C430 /* Product.swift */,
				230CE747255C8D770013C430 /* ProductCollection.swift */,
				235EA421255D58A40087BA07 /* ProductSectionCategory.swift */,
				2359B3A2254F401B00EA978B /* ProductCell.swift */,
				2357A62C2541A152003E9595 /* ProductsFeedViewController.swift */,
				2359B3A6254F43EE00EA978B /* TitleSupplementaryView.swift */,
				230CE741255C8C5B0013C430 /* SelfConfiguringProductCell.swift */,
				23CA657F255D5E2B00E60A03 /* SmallTableCell.swift */,
				23DFCBC9255DD084003F9F8D /* ProductManagerDelegate.swift */,
				23DFCBCC255DD133003F9F8D /* ProductManager.swift */,
				239339B7255DDB7E0087D5CF /* ProductsData.swift */,
			);
			path = Products;
			sourceTree = "<group>";
		};
/* End PBXGroup section */

/* Begin PBXNativeTarget section */
		2357A6242541A151003E9595 /* AUBMarketplace */ = {
			isa = PBXNativeTarget;
			buildConfigurationList = 2357A6392541A154003E9595 /* Build configuration list for PBXNativeTarget "AUBMarketplace" */;
			buildPhases = (
				2357A6212541A151003E9595 /* Sources */,
				2357A6222541A151003E9595 /* Frameworks */,
				2357A6232541A151003E9595 /* Resources */,
			);
			buildRules = (
			);
			dependencies = (
			);
			name = AUBMarketplace;
			productName = AUBMarketplace;
			productReference = 2357A6252541A151003E9595 /* AUBMarketplace.app */;
			productType = "com.apple.product-type.application";
		};
/* End PBXNativeTarget section */

/* Begin PBXProject section */
		2357A61D2541A151003E9595 /* Project object */ = {
			isa = PBXProject;
			attributes = {
				LastSwiftUpdateCheck = 1200;
				LastUpgradeCheck = 1200;
				TargetAttributes = {
					2357A6242541A151003E9595 = {
						CreatedOnToolsVersion = 12.0.1;
					};
				};
			};
			buildConfigurationList = 2357A6202541A151003E9595 /* Build configuration list for PBXProject "AUBMarketplace" */;
			compatibilityVersion = "Xcode 9.3";
			developmentRegion = en;
			hasScannedForEncodings = 0;
			knownRegions = (
				en,
				Base,
			);
			mainGroup = 2357A61C2541A151003E9595;
			productRefGroup = 2357A6262541A151003E9595 /* Products */;
			projectDirPath = "";
			projectRoot = "";
			targets = (
				2357A6242541A151003E9595 /* AUBMarketplace */,
			);
		};
/* End PBXProject section */

/* Begin PBXResourcesBuildPhase section */
		2357A6232541A151003E9595 /* Resources */ = {
			isa = PBXResourcesBuildPhase;
			buildActionMask = 2147483647;
			files = (
				2357A6352541A154003E9595 /* LaunchScreen.storyboard in Resources */,
				2357A6322541A154003E9595 /* Assets.xcassets in Resources */,
				2357A6302541A152003E9595 /* Main.storyboard in Resources */,
			);
			runOnlyForDeploymentPostprocessing = 0;
		};
/* End PBXResourcesBuildPhase section */

/* Begin PBXSourcesBuildPhase section */
		2357A6212541A151003E9595 /* Sources */ = {
			isa = PBXSourcesBuildPhase;
			buildActionMask = 2147483647;
			files = (
				2359B399254F2B9400EA978B /* ProductController.swift in Sources */,
				23DFCBCA255DD084003F9F8D /* ProductManagerDelegate.swift in Sources */,
				235EA422255D58A40087BA07 /* ProductSectionCategory.swift in Sources */,
				2357A62D2541A152003E9595 /* ProductsFeedViewController.swift in Sources */,
				23DFCBD0255DD33F003F9F8D /* UserToken.swift in Sources */,
				230CE745255C8CB00013C430 /* Product.swift in Sources */,
				23FA56E52556FDF500B009EA /* UIView+Constraints.swift in Sources */,
				23CA6580255D5E2B00E60A03 /* SmallTableCell.swift in Sources */,
				2357A6292541A151003E9595 /* AppDelegate.swift in Sources */,
				239339B8255DDB7E0087D5CF /* ProductsData.swift in Sources */,
				23FA56EA2557113300B009EA /* UIView+Rounded.swift in Sources */,
				236E78E7255C0ADA00AB971B /* User.swift in Sources */,
				2359B3A7254F43EE00EA978B /* TitleSupplementaryView.swift in Sources */,
				23DFCBCD255DD133003F9F8D /* ProductManager.swift in Sources */,
				230CE742255C8C5B0013C430 /* SelfConfiguringProductCell.swift in Sources */,
				236E78E4255C0A5300AB971B /* AuthenticationManager.swift in Sources */,
				23331AA92556B0B100A0223C /* TabBarViewController.swift in Sources */,
				236E78E1255C0A2A00AB971B /* AuthenticationManagerDelegate.swift in Sources */,
				2357A62B2541A152003E9595 /* SceneDelegate.swift in Sources */,
				2359B3A3254F401B00EA978B /* ProductCell.swift in Sources */,
				23FA56CA2556ED5C00B009EA /* LoginViewController.swift in Sources */,
				230CE748255C8D770013C430 /* ProductCollection.swift in Sources */,
			);
			runOnlyForDeploymentPostprocessing = 0;
		};
/* End PBXSourcesBuildPhase section */

/* Begin PBXVariantGroup section */
		2357A62E2541A152003E9595 /* Main.storyboard */ = {
			isa = PBXVariantGroup;
			children = (
				2357A62F2541A152003E9595 /* Base */,
			);
			name = Main.storyboard;
			sourceTree = "<group>";
		};
		2357A6332541A154003E9595 /* LaunchScreen.storyboard */ = {
			isa = PBXVariantGroup;
			children = (
				2357A6342541A154003E9595 /* Base */,
			);
			name = LaunchScreen.storyboard;
			sourceTree = "<group>";
		};
/* End PBXVariantGroup section */

/* Begin XCBuildConfiguration section */
		2357A6372541A154003E9595 /* Debug */ = {
			isa = XCBuildConfiguration;
			buildSettings = {
				ALWAYS_SEARCH_USER_PATHS = NO;
				CLANG_ANALYZER_NONNULL = YES;
				CLANG_ANALYZER_NUMBER_OBJECT_CONVERSION = YES_AGGRESSIVE;
				CLANG_CXX_LANGUAGE_STANDARD = "gnu++14";
				CLANG_CXX_LIBRARY = "libc++";
				CLANG_ENABLE_MODULES = YES;
				CLANG_ENABLE_OBJC_ARC = YES;
				CLANG_ENABLE_OBJC_WEAK = YES;
				CLANG_WARN_BLOCK_CAPTURE_AUTORELEASING = YES;
				CLANG_WARN_BOOL_CONVERSION = YES;
				CLANG_WARN_COMMA = YES;
				CLANG_WARN_CONSTANT_CONVERSION = YES;
				CLANG_WARN_DEPRECATED_OBJC_IMPLEMENTATIONS = YES;
				CLANG_WARN_DIRECT_OBJC_ISA_USAGE = YES_ERROR;
				CLANG_WARN_DOCUMENTATION_COMMENTS = YES;
				CLANG_WARN_EMPTY_BODY = YES;
				CLANG_WARN_ENUM_CONVERSION = YES;
				CLANG_WARN_INFINITE_RECURSION = YES;
				CLANG_WARN_INT_CONVERSION = YES;
				CLANG_WARN_NON_LITERAL_NULL_CONVERSION = YES;
				CLANG_WARN_OBJC_IMPLICIT_RETAIN_SELF = YES;
				CLANG_WARN_OBJC_LITERAL_CONVERSION = YES;
				CLANG_WARN_OBJC_ROOT_CLASS = YES_ERROR;
				CLANG_WARN_QUOTED_INCLUDE_IN_FRAMEWORK_HEADER = YES;
				CLANG_WARN_RANGE_LOOP_ANALYSIS = YES;
				CLANG_WARN_STRICT_PROTOTYPES = YES;
				CLANG_WARN_SUSPICIOUS_MOVE = YES;
				CLANG_WARN_UNGUARDED_AVAILABILITY = YES_AGGRESSIVE;
				CLANG_WARN_UNREACHABLE_CODE = YES;
				CLANG_WARN__DUPLICATE_METHOD_MATCH = YES;
				COPY_PHASE_STRIP = NO;
				DEBUG_INFORMATION_FORMAT = dwarf;
				ENABLE_STRICT_OBJC_MSGSEND = YES;
				ENABLE_TESTABILITY = YES;
				GCC_C_LANGUAGE_STANDARD = gnu11;
				GCC_DYNAMIC_NO_PIC = NO;
				GCC_NO_COMMON_BLOCKS = YES;
				GCC_OPTIMIZATION_LEVEL = 0;
				GCC_PREPROCESSOR_DEFINITIONS = (
					"DEBUG=1",
					"$(inherited)",
				);
				GCC_WARN_64_TO_32_BIT_CONVERSION = YES;
				GCC_WARN_ABOUT_RETURN_TYPE = YES_ERROR;
				GCC_WARN_UNDECLARED_SELECTOR = YES;
				GCC_WARN_UNINITIALIZED_AUTOS = YES_AGGRESSIVE;
				GCC_WARN_UNUSED_FUNCTION = YES;
				GCC_WARN_UNUSED_VARIABLE = YES;
				IPHONEOS_DEPLOYMENT_TARGET = 14.0;
				MTL_ENABLE_DEBUG_INFO = INCLUDE_SOURCE;
				MTL_FAST_MATH = YES;
				ONLY_ACTIVE_ARCH = YES;
				SDKROOT = iphoneos;
				SWIFT_ACTIVE_COMPILATION_CONDITIONS = DEBUG;
				SWIFT_OPTIMIZATION_LEVEL = "-Onone";
			};
			name = Debug;
		};
		2357A6382541A154003E9595 /* Release */ = {
			isa = XCBuildConfiguration;
			buildSettings = {
				ALWAYS_SEARCH_USER_PATHS = NO;
				CLANG_ANALYZER_NONNULL = YES;
				CLANG_ANALYZER_NUMBER_OBJECT_CONVERSION = YES_AGGRESSIVE;
				CLANG_CXX_LANGUAGE_STANDARD = "gnu++14";
				CLANG_CXX_LIBRARY = "libc++";
				CLANG_ENABLE_MODULES = YES;
				CLANG_ENABLE_OBJC_ARC = YES;
				CLANG_ENABLE_OBJC_WEAK = YES;
				CLANG_WARN_BLOCK_CAPTURE_AUTORELEASING = YES;
				CLANG_WARN_BOOL_CONVERSION = YES;
				CLANG_WARN_COMMA = YES;
				CLANG_WARN_CONSTANT_CONVERSION = YES;
				CLANG_WARN_DEPRECATED_OBJC_IMPLEMENTATIONS = YES;
				CLANG_WARN_DIRECT_OBJC_ISA_USAGE = YES_ERROR;
				CLANG_WARN_DOCUMENTATION_COMMENTS = YES;
				CLANG_WARN_EMPTY_BODY = YES;
				CLANG_WARN_ENUM_CONVERSION = YES;
				CLANG_WARN_INFINITE_RECURSION = YES;
				CLANG_WARN_INT_CONVERSION = YES;
				CLANG_WARN_NON_LITERAL_NULL_CONVERSION = YES;
				CLANG_WARN_OBJC_IMPLICIT_RETAIN_SELF = YES;
				CLANG_WARN_OBJC_LITERAL_CONVERSION = YES;
				CLANG_WARN_OBJC_ROOT_CLASS = YES_ERROR;
				CLANG_WARN_QUOTED_INCLUDE_IN_FRAMEWORK_HEADER = YES;
				CLANG_WARN_RANGE_LOOP_ANALYSIS = YES;
				CLANG_WARN_STRICT_PROTOTYPES = YES;
				CLANG_WARN_SUSPICIOUS_MOVE = YES;
				CLANG_WARN_UNGUARDED_AVAILABILITY = YES_AGGRESSIVE;
				CLANG_WARN_UNREACHABLE_CODE = YES;
				CLANG_WARN__DUPLICATE_METHOD_MATCH = YES;
				COPY_PHASE_STRIP = NO;
				DEBUG_INFORMATION_FORMAT = "dwarf-with-dsym";
				ENABLE_NS_ASSERTIONS = NO;
				ENABLE_STRICT_OBJC_MSGSEND = YES;
				GCC_C_LANGUAGE_STANDARD = gnu11;
				GCC_NO_COMMON_BLOCKS = YES;
				GCC_WARN_64_TO_32_BIT_CONVERSION = YES;
				GCC_WARN_ABOUT_RETURN_TYPE = YES_ERROR;
				GCC_WARN_UNDECLARED_SELECTOR = YES;
				GCC_WARN_UNINITIALIZED_AUTOS = YES_AGGRESSIVE;
				GCC_WARN_UNUSED_FUNCTION = YES;
				GCC_WARN_UNUSED_VARIABLE = YES;
				IPHONEOS_DEPLOYMENT_TARGET = 14.0;
				MTL_ENABLE_DEBUG_INFO = NO;
				MTL_FAST_MATH = YES;
				SDKROOT = iphoneos;
				SWIFT_COMPILATION_MODE = wholemodule;
				SWIFT_OPTIMIZATION_LEVEL = "-O";
				VALIDATE_PRODUCT = YES;
			};
			name = Release;
		};
		2357A63A2541A154003E9595 /* Debug */ = {
			isa = XCBuildConfiguration;
			buildSettings = {
				ASSETCATALOG_COMPILER_APPICON_NAME = AppIcon;
				ASSETCATALOG_COMPILER_GLOBAL_ACCENT_COLOR_NAME = AccentColor;
				CODE_SIGN_STYLE = Automatic;
				DEVELOPMENT_TEAM = 5X3PZ7P8YG;
				INFOPLIST_FILE = AUBMarketplace/Info.plist;
				LD_RUNPATH_SEARCH_PATHS = (
					"$(inherited)",
					"@executable_path/Frameworks",
				);
				PRODUCT_BUNDLE_IDENTIFIER = com.omarkhodr.AUBMarketplace;
				PRODUCT_NAME = "$(TARGET_NAME)";
				SWIFT_VERSION = 5.0;
				TARGETED_DEVICE_FAMILY = "1,2";
			};
			name = Debug;
		};
		2357A63B2541A154003E9595 /* Release */ = {
			isa = XCBuildConfiguration;
			buildSettings = {
				ASSETCATALOG_COMPILER_APPICON_NAME = AppIcon;
				ASSETCATALOG_COMPILER_GLOBAL_ACCENT_COLOR_NAME = AccentColor;
				CODE_SIGN_STYLE = Automatic;
				DEVELOPMENT_TEAM = 5X3PZ7P8YG;
				INFOPLIST_FILE = AUBMarketplace/Info.plist;
				LD_RUNPATH_SEARCH_PATHS = (
					"$(inherited)",
					"@executable_path/Frameworks",
				);
				PRODUCT_BUNDLE_IDENTIFIER = com.omarkhodr.AUBMarketplace;
				PRODUCT_NAME = "$(TARGET_NAME)";
				SWIFT_VERSION = 5.0;
				TARGETED_DEVICE_FAMILY = "1,2";
			};
			name = Release;
		};
/* End XCBuildConfiguration section */

/* Begin XCConfigurationList section */
		2357A6202541A151003E9595 /* Build configuration list for PBXProject "AUBMarketplace" */ = {
			isa = XCConfigurationList;
			buildConfigurations = (
				2357A6372541A154003E9595 /* Debug */,
				2357A6382541A154003E9595 /* Release */,
			);
			defaultConfigurationIsVisible = 0;
			defaultConfigurationName = Release;
		};
		2357A6392541A154003E9595 /* Build configuration list for PBXNativeTarget "AUBMarketplace" */ = {
			isa = XCConfigurationList;
			buildConfigurations = (
				2357A63A2541A154003E9595 /* Debug */,
				2357A63B2541A154003E9595 /* Release */,
			);
			defaultConfigurationIsVisible = 0;
			defaultConfigurationName = Release;
		};
/* End XCConfigurationList section */
	};
	rootObject = 2357A61D2541A151003E9595 /* Project object */;
}
